
Microsoft Visual Studio Solution File, Format Version 12.00
# Visual Studio Version 16
VisualStudioVersion = 16.0.29318.209
MinimumVisualStudioVersion = 10.0.40219.1
Project("{9A19103F-16F7-4668-BE54-9A1E7A4F7556}") = "NetcoreMicroservice", "NetcoreMicroservice\NetcoreMicroservice.csproj", "{1701199F-60EE-4723-8454-AAA2AD6C8264}"
EndProject
Project("{9A19103F-16F7-4668-BE54-9A1E7A4F7556}") = "SelectConsul", "SelectConsul\SelectConsul.csproj", "{439A3620-D23F-4B4E-B45C-4607E03F9223}"
EndProject
Project("{9A19103F-16F7-4668-BE54-9A1E7A4F7556}") = "RestTemplateCore", "RestTemplateCore\RestTemplateCore.csproj", "{B851470C-C307-4117-8B81-80C245C3A45A}"
EndProject
Project("{9A19103F-16F7-4668-BE54-9A1E7A4F7556}") = "OcelotGateway", "OcelotGateway\OcelotGateway.csproj", "{DC33C233-E53D-4519-8D4B-05B99AE5EC64}"
EndProject
Project("{9A19103F-16F7-4668-BE54-9A1E7A4F7556}") = "AuthenticationCenter", "AuthenticationCenter\AuthenticationCenter.csproj", "{F7F6CD20-8CAA-403C-8336-E3D783DCB432}"
EndProject
Project("{2150E333-8FDC-42A3-9474-1A3956D46DE8}") = "ELK", "ELK", "{0B89AE63-BF1A-469C-A19E-2E28C78FBB64}"
	ProjectSection(SolutionItems) = preProject
		C:\Users\Administrator\Desktop\ELK分布式日志系统（1）.docx = C:\Users\Administrator\Desktop\ELK分布式日志系统（1）.docx
	EndProjectSection
EndProject
Project("{9A19103F-16F7-4668-BE54-9A1E7A4F7556}") = "ElasticsearchNlogKibana", "ElasticsearchNlogKibana\ElasticsearchNlogKibana.csproj", "{0657BEA3-5474-4572-AEE6-58B26B17B96B}"
EndProject
Project("{9A19103F-16F7-4668-BE54-9A1E7A4F7556}") = "TestEs", "TestEs\TestEs.csproj", "{900B4AF6-2C40-41F3-B483-647F2A3359B1}"
EndProject
Global
	GlobalSection(SolutionConfigurationPlatforms) = preSolution
		Debug|Any CPU = Debug|Any CPU
		Release|Any CPU = Release|Any CPU
	EndGlobalSection
	GlobalSection(ProjectConfigurationPlatforms) = postSolution
		{1701199F-60EE-4723-8454-AAA2AD6C8264}.Debug|Any CPU.ActiveCfg = Debug|Any CPU
		{1701199F-60EE-4723-8454-AAA2AD6C8264}.Debug|Any CPU.Build.0 = Debug|Any CPU
		{1701199F-60EE-4723-8454-AAA2AD6C8264}.Release|Any CPU.ActiveCfg = Release|Any CPU
		{1701199F-60EE-4723-8454-AAA2AD6C8264}.Release|Any CPU.Build.0 = Release|Any CPU
		{439A3620-D23F-4B4E-B45C-4607E03F9223}.Debug|Any CPU.ActiveCfg = Debug|Any CPU
		{439A3620-D23F-4B4E-B45C-4607E03F9223}.Debug|Any CPU.Build.0 = Debug|Any CPU
		{439A3620-D23F-4B4E-B45C-4607E03F9223}.Release|Any CPU.ActiveCfg = Release|Any CPU
		{439A3620-D23F-4B4E-B45C-4607E03F9223}.Release|Any CPU.Build.0 = Release|Any CPU
		{B851470C-C307-4117-8B81-80C245C3A45A}.Debug|Any CPU.ActiveCfg = Debug|Any CPU
		{B851470C-C307-4117-8B81-80C245C3A45A}.Debug|Any CPU.Build.0 = Debug|Any CPU
		{B851470C-C307-4117-8B81-80C245C3A45A}.Release|Any CPU.ActiveCfg = Release|Any CPU
		{B851470C-C307-4117-8B81-80C245C3A45A}.Release|Any CPU.Build.0 = Release|Any CPU
		{DC33C233-E53D-4519-8D4B-05B99AE5EC64}.Debug|Any CPU.ActiveCfg = Debug|Any CPU
		{DC33C233-E53D-4519-8D4B-05B99AE5EC64}.Debug|Any CPU.Build.0 = Debug|Any CPU
		{DC33C233-E53D-4519-8D4B-05B99AE5EC64}.Release|Any CPU.ActiveCfg = Release|Any CPU
		{DC33C233-E53D-4519-8D4B-05B99AE5EC64}.Release|Any CPU.Build.0 = Release|Any CPU
		{F7F6CD20-8CAA-403C-8336-E3D783DCB432}.Debug|Any CPU.ActiveCfg = Debug|Any CPU
		{F7F6CD20-8CAA-403C-8336-E3D783DCB432}.Debug|Any CPU.Build.0 = Debug|Any CPU
		{F7F6CD20-8CAA-403C-8336-E3D783DCB432}.Release|Any CPU.ActiveCfg = Release|Any CPU
		{F7F6CD20-8CAA-403C-8336-E3D783DCB432}.Release|Any CPU.Build.0 = Release|Any CPU
		{0657BEA3-5474-4572-AEE6-58B26B17B96B}.Debug|Any CPU.ActiveCfg = Debug|Any CPU
		{0657BEA3-5474-4572-AEE6-58B26B17B96B}.Debug|Any CPU.Build.0 = Debug|Any CPU
		{0657BEA3-5474-4572-AEE6-58B26B17B96B}.Release|Any CPU.ActiveCfg = Release|Any CPU
		{0657BEA3-5474-4572-AEE6-58B26B17B96B}.Release|Any CPU.Build.0 = Release|Any CPU
		{900B4AF6-2C40-41F3-B483-647F2A3359B1}.Debug|Any CPU.ActiveCfg = Debug|Any CPU
		{900B4AF6-2C40-41F3-B483-647F2A3359B1}.Debug|Any CPU.Build.0 = Debug|Any CPU
		{900B4AF6-2C40-41F3-B483-647F2A3359B1}.Release|Any CPU.ActiveCfg = Release|Any CPU
		{900B4AF6-2C40-41F3-B483-647F2A3359B1}.Release|Any CPU.Build.0 = Release|Any CPU
	EndGlobalSection
	GlobalSection(SolutionProperties) = preSolution
		HideSolutionNode = FALSE
	EndGlobalSection
	GlobalSection(NestedProjects) = preSolution
		{0657BEA3-5474-4572-AEE6-58B26B17B96B} = {0B89AE63-BF1A-469C-A19E-2E28C78FBB64}
		{900B4AF6-2C40-41F3-B483-647F2A3359B1} = {0B89AE63-BF1A-469C-A19E-2E28C78FBB64}
	EndGlobalSection
	GlobalSection(ExtensibilityGlobals) = postSolution
		SolutionGuid = {F8AB9EA8-934B-44D6-9F7B-96A5FFAF0081}
	EndGlobalSection
EndGlobal
